
Microsoft Visual Studio Solution File, Format Version 12.00
# Visual Studio Version 17
VisualStudioVersion = 17.6.33801.468
MinimumVisualStudioVersion = 10.0.40219.1
Project("{9A19103F-16F7-4668-BE54-9A1E7A4F7556}") = "API_LOGIN", "API_LOGIN\API_LOGIN.csproj", "{E10A281F-1D4A-4EED-A2B7-EDF3C40ED7A4}"
EndProject
Project("{9A19103F-16F7-4668-BE54-9A1E7A4F7556}") = "DAL", "DAL\DAL.csproj", "{8685BE1B-10AD-4208-911E-DEE6B5CA868D}"
EndProject
Project("{9A19103F-16F7-4668-BE54-9A1E7A4F7556}") = "DAO", "DAO\DAO.csproj", "{5C0CFFB5-3671-4276-8E65-916ABCC14CED}"
EndProject
Project("{FAE04EC0-301F-11D3-BF4B-00C04F79EFBC}") = "BLL", "BLL\BLL.csproj", "{3B93E130-0D4D-407F-804F-AD421C8F15B1}"
EndProject
Global
	GlobalSection(SolutionConfigurationPlatforms) = preSolution
		Debug|Any CPU = Debug|Any CPU
		Release|Any CPU = Release|Any CPU
	EndGlobalSection
	GlobalSection(ProjectConfigurationPlatforms) = postSolution
		{E10A281F-1D4A-4EED-A2B7-EDF3C40ED7A4}.Debug|Any CPU.ActiveCfg = Debug|Any CPU
		{E10A281F-1D4A-4EED-A2B7-EDF3C40ED7A4}.Debug|Any CPU.Build.0 = Debug|Any CPU
		{E10A281F-1D4A-4EED-A2B7-EDF3C40ED7A4}.Release|Any CPU.ActiveCfg = Release|Any CPU
		{E10A281F-1D4A-4EED-A2B7-EDF3C40ED7A4}.Release|Any CPU.Build.0 = Release|Any CPU
		{8685BE1B-10AD-4208-911E-DEE6B5CA868D}.Debug|Any CPU.ActiveCfg = Debug|Any CPU
		{8685BE1B-10AD-4208-911E-DEE6B5CA868D}.Debug|Any CPU.Build.0 = Debug|Any CPU
		{8685BE1B-10AD-4208-911E-DEE6B5CA868D}.Release|Any CPU.ActiveCfg = Release|Any CPU
		{8685BE1B-10AD-4208-911E-DEE6B5CA868D}.Release|Any CPU.Build.0 = Release|Any CPU
		{5C0CFFB5-3671-4276-8E65-916ABCC14CED}.Debug|Any CPU.ActiveCfg = Debug|Any CPU
		{5C0CFFB5-3671-4276-8E65-916ABCC14CED}.Debug|Any CPU.Build.0 = Debug|Any CPU
		{5C0CFFB5-3671-4276-8E65-916ABCC14CED}.Release|Any CPU.ActiveCfg = Release|Any CPU
		{5C0CFFB5-3671-4276-8E65-916ABCC14CED}.Release|Any CPU.Build.0 = Release|Any CPU
		{3B93E130-0D4D-407F-804F-AD421C8F15B1}.Debug|Any CPU.ActiveCfg = Debug|Any CPU
		{3B93E130-0D4D-407F-804F-AD421C8F15B1}.Debug|Any CPU.Build.0 = Debug|Any CPU
		{3B93E130-0D4D-407F-804F-AD421C8F15B1}.Release|Any CPU.ActiveCfg = Release|Any CPU
		{3B93E130-0D4D-407F-804F-AD421C8F15B1}.Release|Any CPU.Build.0 = Release|Any CPU
	EndGlobalSection
	GlobalSection(SolutionProperties) = preSolution
		HideSolutionNode = FALSE
	EndGlobalSection
	GlobalSection(ExtensibilityGlobals) = postSolution
		SolutionGuid = {315007CB-09C4-4C22-918F-2A51DE6B4E5B}
	EndGlobalSection
EndGlobal
